
Microsoft Visual Studio Solution File, Format Version 12.00
# Visual Studio Version 17
VisualStudioVersion = 17.2.32630.192
MinimumVisualStudioVersion = 10.0.40219.1
Project("{9A19103F-16F7-4668-BE54-9A1E7A4F7556}") = "Castor", "Castor\Castor.csproj", "{C0816039-0579-4748-8139-47921C13AC7A}"
EndProject
Project("{9A19103F-16F7-4668-BE54-9A1E7A4F7556}") = "Castor.Test", "Castor.Test\Castor.Test.csproj", "{4E099148-492A-4E41-8190-1E150EA3C4D0}"
EndProject
Project("{2150E333-8FDC-42A3-9474-1A3956D46DE8}") = "Solution Items", "Solution Items", "{07396B24-5DF6-4C18-B663-C130A43C9256}"
	ProjectSection(SolutionItems) = preProject
		.github\workflows\dotnet.yml = .github\workflows\dotnet.yml
		.github\workflows\github-release.yml = .github\workflows\github-release.yml
		LICENSE = LICENSE
		.github\workflows\nuget-release.yml = .github\workflows\nuget-release.yml
		README.md = README.md
	EndProjectSection
EndProject
Project("{2150E333-8FDC-42A3-9474-1A3956D46DE8}") = ".config", ".config", "{BD5FA7F9-B269-4E58-A6C2-03D02E24D988}"
	ProjectSection(SolutionItems) = preProject
		dotnet-tools.json = dotnet-tools.json
	EndProjectSection
EndProject
Global
	GlobalSection(SolutionConfigurationPlatforms) = preSolution
		Debug|Any CPU = Debug|Any CPU
		Release|Any CPU = Release|Any CPU
	EndGlobalSection
	GlobalSection(ProjectConfigurationPlatforms) = postSolution
		{C0816039-0579-4748-8139-47921C13AC7A}.Debug|Any CPU.ActiveCfg = Debug|Any CPU
		{C0816039-0579-4748-8139-47921C13AC7A}.Debug|Any CPU.Build.0 = Debug|Any CPU
		{C0816039-0579-4748-8139-47921C13AC7A}.Release|Any CPU.ActiveCfg = Release|Any CPU
		{C0816039-0579-4748-8139-47921C13AC7A}.Release|Any CPU.Build.0 = Release|Any CPU
		{4E099148-492A-4E41-8190-1E150EA3C4D0}.Debug|Any CPU.ActiveCfg = Debug|Any CPU
		{4E099148-492A-4E41-8190-1E150EA3C4D0}.Debug|Any CPU.Build.0 = Debug|Any CPU
		{4E099148-492A-4E41-8190-1E150EA3C4D0}.Release|Any CPU.ActiveCfg = Release|Any CPU
		{4E099148-492A-4E41-8190-1E150EA3C4D0}.Release|Any CPU.Build.0 = Release|Any CPU
	EndGlobalSection
	GlobalSection(SolutionProperties) = preSolution
		HideSolutionNode = FALSE
	EndGlobalSection
	GlobalSection(ExtensibilityGlobals) = postSolution
		SolutionGuid = {22952273-9E26-4078-919E-A698650BB02B}
	EndGlobalSection
EndGlobal
